
Microsoft Visual Studio Solution File, Format Version 12.00
# Visual Studio Version 16
VisualStudioVersion = 16.0.34729.46
MinimumVisualStudioVersion = 10.0.40219.1
Project("{8BC9CEB8-8B4A-11D0-8D11-00A0C91BC942}") = "Linked Lists", "Linked Lists\Linked Lists.vcxproj", "{51622A8D-D658-4BBE-AC16-6BE5F968EC0F}"
EndProject
Global
	GlobalSection(SolutionConfigurationPlatforms) = preSolution
		Debug|x64 = Debug|x64
		Debug|x86 = Debug|x86
		Release|x64 = Release|x64
		Release|x86 = Release|x86
	EndGlobalSection
	GlobalSection(ProjectConfigurationPlatforms) = postSolution
		{51622A8D-D658-4BBE-AC16-6BE5F968EC0F}.Debug|x64.ActiveCfg = Debug|x64
		{51622A8D-D658-4BBE-AC16-6BE5F968EC0F}.Debug|x64.Build.0 = Debug|x64
		{51622A8D-D658-4BBE-AC16-6BE5F968EC0F}.Debug|x86.ActiveCfg = Debug|Win32
		{51622A8D-D658-4BBE-AC16-6BE5F968EC0F}.Debug|x86.Build.0 = Debug|Win32
		{51622A8D-D658-4BBE-AC16-6BE5F968EC0F}.Release|x64.ActiveCfg = Release|x64
		{51622A8D-D658-4BBE-AC16-6BE5F968EC0F}.Release|x64.Build.0 = Release|x64
		{51622A8D-D658-4BBE-AC16-6BE5F968EC0F}.Release|x86.ActiveCfg = Release|Win32
		{51622A8D-D658-4BBE-AC16-6BE5F968EC0F}.Release|x86.Build.0 = Release|Win32
	EndGlobalSection
	GlobalSection(SolutionProperties) = preSolution
		HideSolutionNode = FALSE
	EndGlobalSection
	GlobalSection(ExtensibilityGlobals) = postSolution
		SolutionGuid = {B8360509-28A8-4718-BB22-83041EDCAD11}
	EndGlobalSection
EndGlobal
